{
  "name": "lesson2_head_or_tails",
  "version": "1.0.0",
  "lockfileVersion": 1,
  "requires": true,
  "dependencies": {
    "fs": {
      "version": "0.0.1-security",
      "resolved": "https://registry.npmjs.org/fs/-/fs-0.0.1-security.tgz",
      "integrity": "sha1-invTcYa23d84E/I4WLV+yq9eQdQ="
    },
    "minimist": {
      "version": "1.2.2",
      "resolved": "http://registry.npmjs.org/minimist/-/minimist-1.2.2.tgz",
      "integrity": "sha512-rIqbOrKb8GJmx/5bc2M0QchhUouMXSpd1RTclXsB41JdL+VtnojfaJR+h7F9k18/4kHUsBFgk80Uk+q569vjPA=="
    },
    "random-number": {
      "version": "0.0.9",
      "resolved": "https://registry.npmjs.org/random-number/-/random-number-0.0.9.tgz",
      "integrity": "sha512-ipG3kRCREi/YQpi2A5QGcvDz1KemohovWmH6qGfboVyyGdR2t/7zQz0vFxrfxpbHQgPPdtVlUDaks3aikD1Ljw=="
    },
    "readline": {
      "version": "1.3.0",
      "resolved": "https://registry.npmjs.org/readline/-/readline-1.3.0.tgz",
      "integrity": "sha1-xYDXfvLPyHUrEySYBg3JeTp6wBw="
    }
  }
}
